# THIS IS AN AUTOGENERATED FILE. DO NOT EDIT THIS FILE DIRECTLY.
# yarn lockfile v1


"@types/codemirror@0.0.62":
  version "0.0.62"
  resolved "https://registry.yarnpkg.com/@types/codemirror/-/codemirror-0.0.62.tgz#dc444e568ee746c1b8b6110c605bbeac3cf16843"

"@types/node@*":
  version "10.12.7"
  resolved "https://registry.yarnpkg.com/@types/node/-/node-10.12.7.tgz#195808b2d4b2e7c33e75e7d9b24aeee88f94660d"

"@types/pixi.js@^4.8.1":
  version "4.8.3"
  resolved "https://registry.yarnpkg.com/@types/pixi.js/-/pixi.js-4.8.3.tgz#e30b4c138fe446537ffbe24f97e48a788d350c08"

"@types/prop-types@*":
  version "15.5.6"
  resolved "https://registry.yarnpkg.com/@types/prop-types/-/prop-types-15.5.6.tgz#9c03d3fed70a8d517c191b7734da2879b50ca26c"

"@types/react-dom@^16.0.8":
  version "16.0.9"
  resolved "https://registry.yarnpkg.com/@types/react-dom/-/react-dom-16.0.9.tgz#73ceb7abe6703822eab6600e65c5c52efd07fb91"
  dependencies:
    "@types/node" "*"
    "@types/react" "*"

"@types/react@*", "@types/react@^16.4.14":
  version "16.7.5"
  resolved "https://registry.yarnpkg.com/@types/react/-/react-16.7.5.tgz#3c7a944a8b465eec883fac85a58b2e0caf3c3b59"
  dependencies:
    "@types/prop-types" "*"
    csstype "^2.2.0"

"@types/showdown@^1.7.5":
  version "1.7.5"
  resolved "https://registry.yarnpkg.com/@types/showdown/-/showdown-1.7.5.tgz#91061f2f16d5bdf66b186185999ed675a8908b6a"

alphanum-sort@^1.0.0:
  version "1.0.2"
  resolved "https://registry.yarnpkg.com/alphanum-sort/-/alphanum-sort-1.0.2.tgz#97a1119649b211ad33691d9f9f486a8ec9fbe0a3"

ansi-regex@^2.0.0:
  version "2.1.1"
  resolved "https://registry.yarnpkg.com/ansi-regex/-/ansi-regex-2.1.1.tgz#c3b33ab5ee360d86e0e628f0468ae7ef27d654df"

ansi-regex@^3.0.0:
  version "3.0.0"
  resolved "https://registry.yarnpkg.com/ansi-regex/-/ansi-regex-3.0.0.tgz#ed0317c322064f79466c02966bddb605ab37d998"

ansi-styles@^3.2.1:
  version "3.2.1"
  resolved "https://registry.yarnpkg.com/ansi-styles/-/ansi-styles-3.2.1.tgz#41fbb20243e50b12be0f04b8dedbf07520ce841d"
  dependencies:
    color-convert "^1.9.0"

argparse@^1.0.7:
  version "1.0.10"
  resolved "https://registry.yarnpkg.com/argparse/-/argparse-1.0.10.tgz#bcd6791ea5ae09725e17e5ad988134cd40b3d911"
  dependencies:
    sprintf-js "~1.0.2"

bit-twiddle@^1.0.2:
  version "1.0.2"
  resolved "https://registry.yarnpkg.com/bit-twiddle/-/bit-twiddle-1.0.2.tgz#0c6c1fabe2b23d17173d9a61b7b7093eb9e1769e"

boolbase@^1.0.0, boolbase@~1.0.0:
  version "1.0.0"
  resolved "https://registry.yarnpkg.com/boolbase/-/boolbase-1.0.0.tgz#68dff5fbe60c51eb37725ea9e3ed310dcc1e776e"

browserslist@^4.0.0:
  version "4.3.4"
  resolved "https://registry.yarnpkg.com/browserslist/-/browserslist-4.3.4.tgz#4477b737db6a1b07077275b24791e680d4300425"
  dependencies:
    caniuse-lite "^1.0.30000899"
    electron-to-chromium "^1.3.82"
    node-releases "^1.0.1"

caller-callsite@^2.0.0:
  version "2.0.0"
  resolved "https://registry.yarnpkg.com/caller-callsite/-/caller-callsite-2.0.0.tgz#847e0fce0a223750a9a027c54b33731ad3154134"
  dependencies:
    callsites "^2.0.0"

caller-path@^2.0.0:
  version "2.0.0"
  resolved "https://registry.yarnpkg.com/caller-path/-/caller-path-2.0.0.tgz#468f83044e369ab2010fac5f06ceee15bb2cb1f4"
  dependencies:
    caller-callsite "^2.0.0"

callsites@^2.0.0:
  version "2.0.0"
  resolved "https://registry.yarnpkg.com/callsites/-/callsites-2.0.0.tgz#06eb84f00eea413da86affefacbffb36093b3c50"

camelcase@^4.1.0:
  version "4.1.0"
  resolved "https://registry.yarnpkg.com/camelcase/-/camelcase-4.1.0.tgz#d545635be1e33c542649c69173e5de6acfae34dd"

caniuse-api@^3.0.0:
  version "3.0.0"
  resolved "https://registry.yarnpkg.com/caniuse-api/-/caniuse-api-3.0.0.tgz#5e4d90e2274961d46291997df599e3ed008ee4c0"
  dependencies:
    browserslist "^4.0.0"
    caniuse-lite "^1.0.0"
    lodash.memoize "^4.1.2"
    lodash.uniq "^4.5.0"

caniuse-lite@^1.0.0, caniuse-lite@^1.0.30000899:
  version "1.0.30000907"
  resolved "https://registry.yarnpkg.com/caniuse-lite/-/caniuse-lite-1.0.30000907.tgz#0b9899bde53fb1c30e214fb12402361e02ff5c42"

chalk@^2.4.1:
  version "2.4.1"
  resolved "https://registry.yarnpkg.com/chalk/-/chalk-2.4.1.tgz#18c49ab16a037b6eb0152cc83e3471338215b66e"
  dependencies:
    ansi-styles "^3.2.1"
    escape-string-regexp "^1.0.5"
    supports-color "^5.3.0"

cliui@^4.0.0:
  version "4.1.0"
  resolved "https://registry.yarnpkg.com/cliui/-/cliui-4.1.0.tgz#348422dbe82d800b3022eef4f6ac10bf2e4d1b49"
  dependencies:
    string-width "^2.1.1"
    strip-ansi "^4.0.0"
    wrap-ansi "^2.0.0"

coa@~2.0.1:
  version "2.0.1"
  resolved "https://registry.yarnpkg.com/coa/-/coa-2.0.1.tgz#f3f8b0b15073e35d70263fb1042cb2c023db38af"
  dependencies:
    q "^1.1.2"

code-point-at@^1.0.0:
  version "1.1.0"
  resolved "https://registry.yarnpkg.com/code-point-at/-/code-point-at-1.1.0.tgz#0d070b4d043a5bea33a2f1a40e2edb3d9a4ccf77"

color-convert@^1.9.0, color-convert@^1.9.1:
  version "1.9.3"
  resolved "https://registry.yarnpkg.com/color-convert/-/color-convert-1.9.3.tgz#bb71850690e1f136567de629d2d5471deda4c1e8"
  dependencies:
    color-name "1.1.3"

color-name@1.1.3:
  version "1.1.3"
  resolved "https://registry.yarnpkg.com/color-name/-/color-name-1.1.3.tgz#a7d0558bd89c42f795dd42328f740831ca53bc25"

color-name@^1.0.0:
  version "1.1.4"
  resolved "https://registry.yarnpkg.com/color-name/-/color-name-1.1.4.tgz#c2a09a87acbde69543de6f63fa3995c826c536a2"

color-string@^1.5.2:
  version "1.5.3"
  resolved "https://registry.yarnpkg.com/color-string/-/color-string-1.5.3.tgz#c9bbc5f01b58b5492f3d6857459cb6590ce204cc"
  dependencies:
    color-name "^1.0.0"
    simple-swizzle "^0.2.2"

color@^3.0.0:
  version "3.1.0"
  resolved "https://registry.yarnpkg.com/color/-/color-3.1.0.tgz#d8e9fb096732875774c84bf922815df0308d0ffc"
  dependencies:
    color-convert "^1.9.1"
    color-string "^1.5.2"

colors@~1.1.2:
  version "1.1.2"
  resolved "https://registry.npmjs.org/colors/-/colors-1.1.2.tgz#168a4701756b6a7f51a12ce0c97bfa28c084ed63"

cosmiconfig@^5.0.0:
  version "5.0.7"
  resolved "https://registry.yarnpkg.com/cosmiconfig/-/cosmiconfig-5.0.7.tgz#39826b292ee0d78eda137dfa3173bd1c21a43b04"
  dependencies:
    import-fresh "^2.0.0"
    is-directory "^0.3.1"
    js-yaml "^3.9.0"
    parse-json "^4.0.0"

cross-spawn@^5.0.1:
  version "5.1.0"
  resolved "https://registry.yarnpkg.com/cross-spawn/-/cross-spawn-5.1.0.tgz#e8bd0efee58fcff6f8f94510a0a554bbfa235449"
  dependencies:
    lru-cache "^4.0.1"
    shebang-command "^1.2.0"
    which "^1.2.9"

css-color-names@0.0.4, css-color-names@^0.0.4:
  version "0.0.4"
  resolved "https://registry.npmjs.org/css-color-names/-/css-color-names-0.0.4.tgz#808adc2e79cf84738069b646cb20ec27beb629e0"

css-declaration-sorter@^4.0.1:
  version "4.0.1"
  resolved "https://registry.yarnpkg.com/css-declaration-sorter/-/css-declaration-sorter-4.0.1.tgz#c198940f63a76d7e36c1e71018b001721054cb22"
  dependencies:
    postcss "^7.0.1"
    timsort "^0.3.0"

css-select-base-adapter@~0.1.0:
  version "0.1.1"
  resolved "https://registry.yarnpkg.com/css-select-base-adapter/-/css-select-base-adapter-0.1.1.tgz#3b2ff4972cc362ab88561507a95408a1432135d7"

css-select@^2.0.0:
  version "2.0.2"
  resolved "https://registry.yarnpkg.com/css-select/-/css-select-2.0.2.tgz#ab4386cec9e1f668855564b17c3733b43b2a5ede"
  dependencies:
    boolbase "^1.0.0"
    css-what "^2.1.2"
    domutils "^1.7.0"
    nth-check "^1.0.2"

css-tree@1.0.0-alpha.28:
  version "1.0.0-alpha.28"
  resolved "https://registry.yarnpkg.com/css-tree/-/css-tree-1.0.0-alpha.28.tgz#8e8968190d886c9477bc8d61e96f61af3f7ffa7f"
  dependencies:
    mdn-data "~1.1.0"
    source-map "^0.5.3"

css-tree@1.0.0-alpha.29:
  version "1.0.0-alpha.29"
  resolved "https://registry.yarnpkg.com/css-tree/-/css-tree-1.0.0-alpha.29.tgz#3fa9d4ef3142cbd1c301e7664c1f352bd82f5a39"
  dependencies:
    mdn-data "~1.1.0"
    source-map "^0.5.3"

css-unit-converter@^1.1.1:
  version "1.1.1"
  resolved "https://registry.yarnpkg.com/css-unit-converter/-/css-unit-converter-1.1.1.tgz#d9b9281adcfd8ced935bdbaba83786897f64e996"

css-url-regex@^1.1.0:
  version "1.1.0"
  resolved "https://registry.yarnpkg.com/css-url-regex/-/css-url-regex-1.1.0.tgz#83834230cc9f74c457de59eebd1543feeb83b7ec"

css-what@^2.1.2:
  version "2.1.2"
  resolved "https://registry.yarnpkg.com/css-what/-/css-what-2.1.2.tgz#c0876d9d0480927d7d4920dcd72af3595649554d"

cssesc@^2.0.0:
  version "2.0.0"
  resolved "https://registry.yarnpkg.com/cssesc/-/cssesc-2.0.0.tgz#3b13bd1bb1cb36e1bcb5a4dcd27f54c5dcb35703"

cssnano-preset-default@^4.0.5:
  version "4.0.5"
  resolved "https://registry.yarnpkg.com/cssnano-preset-default/-/cssnano-preset-default-4.0.5.tgz#d1756c0259d98ad311e601ba76e95c60f6771ac1"
  dependencies:
    css-declaration-sorter "^4.0.1"
    cssnano-util-raw-cache "^4.0.1"
    postcss "^7.0.0"
    postcss-calc "^7.0.0"
    postcss-colormin "^4.0.2"
    postcss-convert-values "^4.0.1"
    postcss-discard-comments "^4.0.1"
    postcss-discard-duplicates "^4.0.2"
    postcss-discard-empty "^4.0.1"
    postcss-discard-overridden "^4.0.1"
    postcss-merge-longhand "^4.0.9"
    postcss-merge-rules "^4.0.2"
    postcss-minify-font-values "^4.0.2"
    postcss-minify-gradients "^4.0.1"
    postcss-minify-params "^4.0.1"
    postcss-minify-selectors "^4.0.1"
    postcss-normalize-charset "^4.0.1"
    postcss-normalize-display-values "^4.0.1"
    postcss-normalize-positions "^4.0.1"
    postcss-normalize-repeat-style "^4.0.1"
    postcss-normalize-string "^4.0.1"
    postcss-normalize-timing-functions "^4.0.1"
    postcss-normalize-unicode "^4.0.1"
    postcss-normalize-url "^4.0.1"
    postcss-normalize-whitespace "^4.0.1"
    postcss-ordered-values "^4.1.1"
    postcss-reduce-initial "^4.0.2"
    postcss-reduce-transforms "^4.0.1"
    postcss-svgo "^4.0.1"
    postcss-unique-selectors "^4.0.1"

cssnano-util-get-arguments@^4.0.0:
  version "4.0.0"
  resolved "https://registry.yarnpkg.com/cssnano-util-get-arguments/-/cssnano-util-get-arguments-4.0.0.tgz#ed3a08299f21d75741b20f3b81f194ed49cc150f"

cssnano-util-get-match@^4.0.0:
  version "4.0.0"
  resolved "https://registry.yarnpkg.com/cssnano-util-get-match/-/cssnano-util-get-match-4.0.0.tgz#c0e4ca07f5386bb17ec5e52250b4f5961365156d"

cssnano-util-raw-cache@^4.0.1:
  version "4.0.1"
  resolved "https://registry.yarnpkg.com/cssnano-util-raw-cache/-/cssnano-util-raw-cache-4.0.1.tgz#b26d5fd5f72a11dfe7a7846fb4c67260f96bf282"
  dependencies:
    postcss "^7.0.0"

cssnano-util-same-parent@^4.0.0:
  version "4.0.1"
  resolved "https://registry.yarnpkg.com/cssnano-util-same-parent/-/cssnano-util-same-parent-4.0.1.tgz#574082fb2859d2db433855835d9a8456ea18bbf3"

cssnano@^4.1.4:
  version "4.1.7"
  resolved "https://registry.yarnpkg.com/cssnano/-/cssnano-4.1.7.tgz#0bf112294bec103ab5f68d3f805732c8325a0b1b"
  dependencies:
    cosmiconfig "^5.0.0"
    cssnano-preset-default "^4.0.5"
    is-resolvable "^1.0.0"
    postcss "^7.0.0"

csso@^3.5.0:
  version "3.5.1"
  resolved "https://registry.yarnpkg.com/csso/-/csso-3.5.1.tgz#7b9eb8be61628973c1b261e169d2f024008e758b"
  dependencies:
    css-tree "1.0.0-alpha.29"

csstype@^2.2.0:
  version "2.5.7"
  resolved "https://registry.yarnpkg.com/csstype/-/csstype-2.5.7.tgz#bf9235d5872141eccfb2d16d82993c6b149179ff"

decamelize@^1.1.1:
  version "1.2.0"
  resolved "https://registry.yarnpkg.com/decamelize/-/decamelize-1.2.0.tgz#f6534d15148269b20352e7bee26f501f9a191290"

define-properties@^1.1.2:
  version "1.1.3"
  resolved "https://registry.yarnpkg.com/define-properties/-/define-properties-1.1.3.tgz#cf88da6cbee26fe6db7094f61d870cbd84cee9f1"
  dependencies:
    object-keys "^1.0.12"

dom-serializer@0:
  version "0.1.0"
  resolved "https://registry.yarnpkg.com/dom-serializer/-/dom-serializer-0.1.0.tgz#073c697546ce0780ce23be4a28e293e40bc30c82"
  dependencies:
    domelementtype "~1.1.1"
    entities "~1.1.1"

domelementtype@1:
  version "1.2.1"
  resolved "https://registry.yarnpkg.com/domelementtype/-/domelementtype-1.2.1.tgz#578558ef23befac043a1abb0db07635509393479"

domelementtype@~1.1.1:
  version "1.1.3"
  resolved "https://registry.npmjs.org/domelementtype/-/domelementtype-1.1.3.tgz#bd28773e2642881aec51544924299c5cd822185b"

domutils@^1.7.0:
  version "1.7.0"
  resolved "https://registry.yarnpkg.com/domutils/-/domutils-1.7.0.tgz#56ea341e834e06e6748af7a1cb25da67ea9f8c2a"
  dependencies:
    dom-serializer "0"
    domelementtype "1"

dot-prop@^4.1.1:
  version "4.2.0"
  resolved "https://registry.yarnpkg.com/dot-prop/-/dot-prop-4.2.0.tgz#1f19e0c2e1aa0e32797c49799f2837ac6af69c57"
  dependencies:
    is-obj "^1.0.0"

earcut@^2.1.3:
  version "2.1.3"
  resolved "https://registry.yarnpkg.com/earcut/-/earcut-2.1.3.tgz#ca579545f351941af7c3d0df49c9f7d34af99b0c"

electron-to-chromium@^1.3.82:
  version "1.3.84"
  resolved "https://registry.yarnpkg.com/electron-to-chromium/-/electron-to-chromium-1.3.84.tgz#2e55df59e818f150a9f61b53471ebf4f0feecc65"

entities@~1.1.1:
  version "1.1.2"
  resolved "https://registry.yarnpkg.com/entities/-/entities-1.1.2.tgz#bdfa735299664dfafd34529ed4f8522a275fea56"

error-ex@^1.3.1:
  version "1.3.2"
  resolved "https://registry.yarnpkg.com/error-ex/-/error-ex-1.3.2.tgz#b4ac40648107fdcdcfae242f428bea8a14d4f1bf"
  dependencies:
    is-arrayish "^0.2.1"

es-abstract@^1.5.1, es-abstract@^1.6.1:
  version "1.12.0"
  resolved "https://registry.yarnpkg.com/es-abstract/-/es-abstract-1.12.0.tgz#9dbbdd27c6856f0001421ca18782d786bf8a6165"
  dependencies:
    es-to-primitive "^1.1.1"
    function-bind "^1.1.1"
    has "^1.0.1"
    is-callable "^1.1.3"
    is-regex "^1.0.4"

es-to-primitive@^1.1.1:
  version "1.2.0"
  resolved "https://registry.yarnpkg.com/es-to-primitive/-/es-to-primitive-1.2.0.tgz#edf72478033456e8dda8ef09e00ad9650707f377"
  dependencies:
    is-callable "^1.1.4"
    is-date-object "^1.0.1"
    is-symbol "^1.0.2"

escape-string-regexp@^1.0.5:
  version "1.0.5"
  resolved "https://registry.yarnpkg.com/escape-string-regexp/-/escape-string-regexp-1.0.5.tgz#1b61c0562190a8dff6ae3bb2cf0200ca130b86d4"

esprima@^4.0.0:
  version "4.0.1"
  resolved "https://registry.yarnpkg.com/esprima/-/esprima-4.0.1.tgz#13b04cdb3e6c5d19df91ab6987a8695619b0aa71"

eventemitter3@^2.0.0:
  version "2.0.3"
  resolved "https://registry.yarnpkg.com/eventemitter3/-/eventemitter3-2.0.3.tgz#b5e1079b59fb5e1ba2771c0a993be060a58c99ba"

execa@^0.7.0:
  version "0.7.0"
  resolved "https://registry.yarnpkg.com/execa/-/execa-0.7.0.tgz#944becd34cc41ee32a63a9faf27ad5a65fc59777"
  dependencies:
    cross-spawn "^5.0.1"
    get-stream "^3.0.0"
    is-stream "^1.1.0"
    npm-run-path "^2.0.0"
    p-finally "^1.0.0"
    signal-exit "^3.0.0"
    strip-eof "^1.0.0"

find-up@^2.1.0:
  version "2.1.0"
  resolved "https://registry.yarnpkg.com/find-up/-/find-up-2.1.0.tgz#45d1b7e506c717ddd482775a2b77920a3c0c57a7"
  dependencies:
    locate-path "^2.0.0"

flexlayout-react@^0.3.1:
  version "0.3.2"
  resolved "https://registry.yarnpkg.com/flexlayout-react/-/flexlayout-react-0.3.2.tgz#90c458c74803a99b1e1cfc478d13dcf6766f36c8"

function-bind@^1.1.0, function-bind@^1.1.1:
  version "1.1.1"
  resolved "https://registry.yarnpkg.com/function-bind/-/function-bind-1.1.1.tgz#a56899d3ea3c9bab874bb9773b7c5ede92f4895d"

get-caller-file@^1.0.1:
  version "1.0.3"
  resolved "https://registry.yarnpkg.com/get-caller-file/-/get-caller-file-1.0.3.tgz#f978fa4c90d1dfe7ff2d6beda2a515e713bdcf4a"

get-stream@^3.0.0:
  version "3.0.0"
  resolved "https://registry.npmjs.org/get-stream/-/get-stream-3.0.0.tgz#8e943d1358dc37555054ecbe2edb05aa174ede14"

github-markdown-css@^2.10.0:
  version "2.10.0"
  resolved "https://registry.yarnpkg.com/github-markdown-css/-/github-markdown-css-2.10.0.tgz#0612fed22816b33b282f37ef8def7a4ecabfe993"

has-flag@^3.0.0:
  version "3.0.0"
  resolved "https://registry.yarnpkg.com/has-flag/-/has-flag-3.0.0.tgz#b5d454dc2199ae225699f3467e5a07f3b955bafd"

has-symbols@^1.0.0:
  version "1.0.0"
  resolved "https://registry.yarnpkg.com/has-symbols/-/has-symbols-1.0.0.tgz#ba1a8f1af2a0fc39650f5c850367704122063b44"

has@^1.0.0, has@^1.0.1:
  version "1.0.3"
  resolved "https://registry.yarnpkg.com/has/-/has-1.0.3.tgz#722d7cbfc1f6aa8241f16dd814e011e1f41e8796"
  dependencies:
    function-bind "^1.1.1"

hex-color-regex@^1.1.0:
  version "1.1.0"
  resolved "https://registry.yarnpkg.com/hex-color-regex/-/hex-color-regex-1.1.0.tgz#4c06fccb4602fe2602b3c93df82d7e7dbf1a8a8e"

hoist-non-react-statics@^3.0.0:
  version "3.1.0"
  resolved "https://registry.yarnpkg.com/hoist-non-react-statics/-/hoist-non-react-statics-3.1.0.tgz#42414ccdfff019cd2168168be998c7b3bd5245c0"
  dependencies:
    react-is "^16.3.2"

hsl-regex@^1.0.0:
  version "1.0.0"
  resolved "https://registry.yarnpkg.com/hsl-regex/-/hsl-regex-1.0.0.tgz#d49330c789ed819e276a4c0d272dffa30b18fe6e"

hsla-regex@^1.0.0:
  version "1.0.0"
  resolved "https://registry.yarnpkg.com/hsla-regex/-/hsla-regex-1.0.0.tgz#c1ce7a3168c8c6614033a4b5f7877f3b225f9c38"

html-comment-regex@^1.1.0:
  version "1.1.2"
  resolved "https://registry.yarnpkg.com/html-comment-regex/-/html-comment-regex-1.1.2.tgz#97d4688aeb5c81886a364faa0cad1dda14d433a7"

import-fresh@^2.0.0:
  version "2.0.0"
  resolved "https://registry.yarnpkg.com/import-fresh/-/import-fresh-2.0.0.tgz#d81355c15612d386c61f9ddd3922d4304822a546"
  dependencies:
    caller-path "^2.0.0"
    resolve-from "^3.0.0"

indexes-of@^1.0.1:
  version "1.0.1"
  resolved "https://registry.yarnpkg.com/indexes-of/-/indexes-of-1.0.1.tgz#f30f716c8e2bd346c7b67d3df3915566a7c05607"

invert-kv@^1.0.0:
  version "1.0.0"
  resolved "https://registry.yarnpkg.com/invert-kv/-/invert-kv-1.0.0.tgz#104a8e4aaca6d3d8cd157a8ef8bfab2d7a3ffdb6"

is-absolute-url@^2.0.0:
  version "2.1.0"
  resolved "https://registry.yarnpkg.com/is-absolute-url/-/is-absolute-url-2.1.0.tgz#50530dfb84fcc9aa7dbe7852e83a37b93b9f2aa6"

is-arrayish@^0.2.1:
  version "0.2.1"
  resolved "https://registry.yarnpkg.com/is-arrayish/-/is-arrayish-0.2.1.tgz#77c99840527aa8ecb1a8ba697b80645a7a926a9d"

is-arrayish@^0.3.1:
  version "0.3.2"
  resolved "https://registry.yarnpkg.com/is-arrayish/-/is-arrayish-0.3.2.tgz#4574a2ae56f7ab206896fb431eaeed066fdf8f03"

is-callable@^1.1.3, is-callable@^1.1.4:
  version "1.1.4"
  resolved "https://registry.yarnpkg.com/is-callable/-/is-callable-1.1.4.tgz#1e1adf219e1eeb684d691f9d6a05ff0d30a24d75"

is-color-stop@^1.0.0:
  version "1.1.0"
  resolved "https://registry.yarnpkg.com/is-color-stop/-/is-color-stop-1.1.0.tgz#cfff471aee4dd5c9e158598fbe12967b5cdad345"
  dependencies:
    css-color-names "^0.0.4"
    hex-color-regex "^1.1.0"
    hsl-regex "^1.0.0"
    hsla-regex "^1.0.0"
    rgb-regex "^1.0.1"
    rgba-regex "^1.0.0"

is-date-object@^1.0.1:
  version "1.0.1"
  resolved "https://registry.yarnpkg.com/is-date-object/-/is-date-object-1.0.1.tgz#9aa20eb6aeebbff77fbd33e74ca01b33581d3a16"

is-directory@^0.3.1:
  version "0.3.1"
  resolved "https://registry.yarnpkg.com/is-directory/-/is-directory-0.3.1.tgz#61339b6f2475fc772fd9c9d83f5c8575dc154ae1"

is-fullwidth-code-point@^1.0.0:
  version "1.0.0"
  resolved "https://registry.yarnpkg.com/is-fullwidth-code-point/-/is-fullwidth-code-point-1.0.0.tgz#ef9e31386f031a7f0d643af82fde50c457ef00cb"
  dependencies:
    number-is-nan "^1.0.0"

is-fullwidth-code-point@^2.0.0:
  version "2.0.0"
  resolved "https://registry.yarnpkg.com/is-fullwidth-code-point/-/is-fullwidth-code-point-2.0.0.tgz#a3b30a5c4f199183167aaab93beefae3ddfb654f"

is-obj@^1.0.0:
  version "1.0.1"
  resolved "https://registry.npmjs.org/is-obj/-/is-obj-1.0.1.tgz#3e4729ac1f5fde025cd7d83a896dab9f4f67db0f"

is-regex@^1.0.4:
  version "1.0.4"
  resolved "https://registry.yarnpkg.com/is-regex/-/is-regex-1.0.4.tgz#5517489b547091b0930e095654ced25ee97e9491"
  dependencies:
    has "^1.0.1"

is-resolvable@^1.0.0:
  version "1.1.0"
  resolved "https://registry.yarnpkg.com/is-resolvable/-/is-resolvable-1.1.0.tgz#fb18f87ce1feb925169c9a407c19318a3206ed88"

is-stream@^1.1.0:
  version "1.1.0"
  resolved "https://registry.yarnpkg.com/is-stream/-/is-stream-1.1.0.tgz#12d4a3dd4e68e0b79ceb8dbc84173ae80d91ca44"

is-svg@^3.0.0:
  version "3.0.0"
  resolved "https://registry.yarnpkg.com/is-svg/-/is-svg-3.0.0.tgz#9321dbd29c212e5ca99c4fa9794c714bcafa2f75"
  dependencies:
    html-comment-regex "^1.1.0"

is-symbol@^1.0.2:
  version "1.0.2"
  resolved "https://registry.yarnpkg.com/is-symbol/-/is-symbol-1.0.2.tgz#a055f6ae57192caee329e7a860118b497a950f38"
  dependencies:
    has-symbols "^1.0.0"

isexe@^2.0.0:
  version "2.0.0"
  resolved "https://registry.yarnpkg.com/isexe/-/isexe-2.0.0.tgz#e8fbf374dc556ff8947a10dcb0572d633f2cfa10"

ismobilejs@^0.4.0:
  version "0.4.1"
  resolved "https://registry.yarnpkg.com/ismobilejs/-/ismobilejs-0.4.1.tgz#1a5f126c70fed39c93da380fa62cbae5723e7dc2"

"js-tokens@^3.0.0 || ^4.0.0":
  version "4.0.0"
  resolved "https://registry.yarnpkg.com/js-tokens/-/js-tokens-4.0.0.tgz#19203fb59991df98e3a287050d4647cdeaf32499"

js-yaml@^3.12.0, js-yaml@^3.9.0:
  version "3.13.1"
  resolved "https://registry.yarnpkg.com/js-yaml/-/js-yaml-3.13.1.tgz#aff151b30bfdfa8e49e05da22e7415e9dfa37847"
  dependencies:
    argparse "^1.0.7"
    esprima "^4.0.0"

json-parse-better-errors@^1.0.1:
  version "1.0.2"
  resolved "https://registry.yarnpkg.com/json-parse-better-errors/-/json-parse-better-errors-1.0.2.tgz#bb867cfb3450e69107c131d1c514bab3dc8bcaa9"

lcid@^1.0.0:
  version "1.0.0"
  resolved "https://registry.yarnpkg.com/lcid/-/lcid-1.0.0.tgz#308accafa0bc483a3867b4b6f2b9506251d1b835"
  dependencies:
    invert-kv "^1.0.0"

locate-path@^2.0.0:
  version "2.0.0"
  resolved "https://registry.yarnpkg.com/locate-path/-/locate-path-2.0.0.tgz#2b568b265eec944c6d9c0de9c3dbbbca0354cd8e"
  dependencies:
    p-locate "^2.0.0"
    path-exists "^3.0.0"

lodash.memoize@^4.1.2:
  version "4.1.2"
  resolved "https://registry.yarnpkg.com/lodash.memoize/-/lodash.memoize-4.1.2.tgz#bcc6c49a42a2840ed997f323eada5ecd182e0bfe"

lodash.uniq@^4.5.0:
  version "4.5.0"
  resolved "https://registry.yarnpkg.com/lodash.uniq/-/lodash.uniq-4.5.0.tgz#d0225373aeb652adc1bc82e4945339a842754773"

loose-envify@^1.1.0, loose-envify@^1.3.1:
  version "1.4.0"
  resolved "https://registry.yarnpkg.com/loose-envify/-/loose-envify-1.4.0.tgz#71ee51fa7be4caec1a63839f7e682d8132d30caf"
  dependencies:
    js-tokens "^3.0.0 || ^4.0.0"

lru-cache@^4.0.1:
  version "4.1.3"
  resolved "https://registry.yarnpkg.com/lru-cache/-/lru-cache-4.1.3.tgz#a1175cf3496dfc8436c156c334b4955992bce69c"
  dependencies:
    pseudomap "^1.0.2"
    yallist "^2.1.2"

mdn-data@~1.1.0:
  version "1.1.4"
  resolved "https://registry.yarnpkg.com/mdn-data/-/mdn-data-1.1.4.tgz#50b5d4ffc4575276573c4eedb8780812a8419f01"

mem@^1.1.0:
  version "1.1.0"
  resolved "https://registry.yarnpkg.com/mem/-/mem-1.1.0.tgz#5edd52b485ca1d900fe64895505399a0dfa45f76"
  dependencies:
    mimic-fn "^1.0.0"

mimic-fn@^1.0.0:
  version "1.2.0"
  resolved "https://registry.yarnpkg.com/mimic-fn/-/mimic-fn-1.2.0.tgz#820c86a39334640e99516928bd03fca88057d022"

mini-signals@^1.1.1:
  version "1.2.0"
  resolved "https://registry.yarnpkg.com/mini-signals/-/mini-signals-1.2.0.tgz#45b08013c5fae51a24aa1a935cd317c9ed721d74"

minimist@0.0.8:
  version "0.0.8"
  resolved "https://registry.npmjs.org/minimist/-/minimist-0.0.8.tgz#857fcabfc3397d2625b8228262e86aa7a011b05d"

mkdirp@~0.5.1:
  version "0.5.1"
  resolved "https://registry.npmjs.org/mkdirp/-/mkdirp-0.5.1.tgz#30057438eac6cf7f8c4767f38648d6697d75c903"
  dependencies:
    minimist "0.0.8"

mobx-react@^5.2.8:
  version "5.3.6"
  resolved "https://registry.yarnpkg.com/mobx-react/-/mobx-react-5.3.6.tgz#0bead0173aed7d12ace4981b53c28db4d61de9ef"
  dependencies:
    hoist-non-react-statics "^3.0.0"
    react-lifecycles-compat "^3.0.2"

mobx@^5.5.0:
  version "5.6.0"
  resolved "https://registry.yarnpkg.com/mobx/-/mobx-5.6.0.tgz#e381c357e0ed7685a99a896455ecc66ff5ab84ee"

node-releases@^1.0.1:
  version "1.0.3"
  resolved "https://registry.yarnpkg.com/node-releases/-/node-releases-1.0.3.tgz#3414ed84595096459c251699bfcb47d88324a9e4"
  dependencies:
    semver "^5.3.0"

normalize-url@^3.0.0:
  version "3.3.0"
  resolved "https://registry.yarnpkg.com/normalize-url/-/normalize-url-3.3.0.tgz#b2e1c4dc4f7c6d57743df733a4f5978d18650559"

npm-run-path@^2.0.0:
  version "2.0.2"
  resolved "https://registry.yarnpkg.com/npm-run-path/-/npm-run-path-2.0.2.tgz#35a9232dfa35d7067b4cb2ddf2357b1871536c5f"
  dependencies:
    path-key "^2.0.0"

nth-check@^1.0.2:
  version "1.0.2"
  resolved "https://registry.yarnpkg.com/nth-check/-/nth-check-1.0.2.tgz#b2bd295c37e3dd58a3bf0700376663ba4d9cf05c"
  dependencies:
    boolbase "~1.0.0"

number-is-nan@^1.0.0:
  version "1.0.1"
  resolved "https://registry.yarnpkg.com/number-is-nan/-/number-is-nan-1.0.1.tgz#097b602b53422a522c1afb8790318336941a011d"

object-assign@^4.0.1, object-assign@^4.1.1:
  version "4.1.1"
  resolved "https://registry.yarnpkg.com/object-assign/-/object-assign-4.1.1.tgz#2109adc7965887cfc05cbbd442cac8bfbb360863"

object-keys@^1.0.12:
  version "1.0.12"
  resolved "https://registry.yarnpkg.com/object-keys/-/object-keys-1.0.12.tgz#09c53855377575310cca62f55bb334abff7b3ed2"

object.getownpropertydescriptors@^2.0.3:
  version "2.0.3"
  resolved "https://registry.yarnpkg.com/object.getownpropertydescriptors/-/object.getownpropertydescriptors-2.0.3.tgz#8758c846f5b407adab0f236e0986f14b051caa16"
  dependencies:
    define-properties "^1.1.2"
    es-abstract "^1.5.1"

object.values@^1.0.4:
  version "1.0.4"
  resolved "https://registry.yarnpkg.com/object.values/-/object.values-1.0.4.tgz#e524da09b4f66ff05df457546ec72ac99f13069a"
  dependencies:
    define-properties "^1.1.2"
    es-abstract "^1.6.1"
    function-bind "^1.1.0"
    has "^1.0.1"

os-locale@^2.0.0:
  version "2.1.0"
  resolved "https://registry.yarnpkg.com/os-locale/-/os-locale-2.1.0.tgz#42bc2900a6b5b8bd17376c8e882b65afccf24bf2"
  dependencies:
    execa "^0.7.0"
    lcid "^1.0.0"
    mem "^1.1.0"

p-finally@^1.0.0:
  version "1.0.0"
  resolved "https://registry.yarnpkg.com/p-finally/-/p-finally-1.0.0.tgz#3fbcfb15b899a44123b34b6dcc18b724336a2cae"

p-limit@^1.1.0:
  version "1.3.0"
  resolved "https://registry.yarnpkg.com/p-limit/-/p-limit-1.3.0.tgz#b86bd5f0c25690911c7590fcbfc2010d54b3ccb8"
  dependencies:
    p-try "^1.0.0"

p-locate@^2.0.0:
  version "2.0.0"
  resolved "https://registry.yarnpkg.com/p-locate/-/p-locate-2.0.0.tgz#20a0103b222a70c8fd39cc2e580680f3dde5ec43"
  dependencies:
    p-limit "^1.1.0"

p-try@^1.0.0:
  version "1.0.0"
  resolved "https://registry.yarnpkg.com/p-try/-/p-try-1.0.0.tgz#cbc79cdbaf8fd4228e13f621f2b1a237c1b207b3"

parse-json@^4.0.0:
  version "4.0.0"
  resolved "https://registry.yarnpkg.com/parse-json/-/parse-json-4.0.0.tgz#be35f5425be1f7f6c747184f98a788cb99477ee0"
  dependencies:
    error-ex "^1.3.1"
    json-parse-better-errors "^1.0.1"

parse-uri@^1.0.0:
  version "1.0.0"
  resolved "https://registry.yarnpkg.com/parse-uri/-/parse-uri-1.0.0.tgz#2872dcc22f1a797acde1583d8a0ac29552ddac20"

path-exists@^3.0.0:
  version "3.0.0"
  resolved "https://registry.yarnpkg.com/path-exists/-/path-exists-3.0.0.tgz#ce0ebeaa5f78cb18925ea7d810d7b59b010fd515"

path-key@^2.0.0:
  version "2.0.1"
  resolved "https://registry.yarnpkg.com/path-key/-/path-key-2.0.1.tgz#411cadb574c5a140d3a4b1910d40d80cc9f40b40"

pixi-gl-core@^1.1.4:
  version "1.1.4"
  resolved "https://registry.yarnpkg.com/pixi-gl-core/-/pixi-gl-core-1.1.4.tgz#8b4b5c433b31e419bc379dc565ce1b835a91b372"

pixi.js@^4.8.2:
  version "4.8.2"
  resolved "https://registry.yarnpkg.com/pixi.js/-/pixi.js-4.8.2.tgz#c9e6f5f3b6780d2236705a7539e4e5ca3d74151f"
  dependencies:
    bit-twiddle "^1.0.2"
    earcut "^2.1.3"
    eventemitter3 "^2.0.0"
    ismobilejs "^0.4.0"
    object-assign "^4.0.1"
    pixi-gl-core "^1.1.4"
    remove-array-items "^1.0.0"
    resource-loader "^2.1.1"

postcss-calc@^7.0.0:
  version "7.0.1"
  resolved "https://registry.yarnpkg.com/postcss-calc/-/postcss-calc-7.0.1.tgz#36d77bab023b0ecbb9789d84dcb23c4941145436"
  dependencies:
    css-unit-converter "^1.1.1"
    postcss "^7.0.5"
    postcss-selector-parser "^5.0.0-rc.4"
    postcss-value-parser "^3.3.1"

postcss-colormin@^4.0.2:
  version "4.0.2"
  resolved "https://registry.yarnpkg.com/postcss-colormin/-/postcss-colormin-4.0.2.tgz#93cd1fa11280008696887db1a528048b18e7ed99"
  dependencies:
    browserslist "^4.0.0"
    color "^3.0.0"
    has "^1.0.0"
    postcss "^7.0.0"
    postcss-value-parser "^3.0.0"

postcss-convert-values@^4.0.1:
  version "4.0.1"
  resolved "https://registry.yarnpkg.com/postcss-convert-values/-/postcss-convert-values-4.0.1.tgz#ca3813ed4da0f812f9d43703584e449ebe189a7f"
  dependencies:
    postcss "^7.0.0"
    postcss-value-parser "^3.0.0"

postcss-discard-comments@^4.0.1:
  version "4.0.1"
  resolved "https://registry.yarnpkg.com/postcss-discard-comments/-/postcss-discard-comments-4.0.1.tgz#30697735b0c476852a7a11050eb84387a67ef55d"
  dependencies:
    postcss "^7.0.0"

postcss-discard-duplicates@^4.0.2:
  version "4.0.2"
  resolved "https://registry.yarnpkg.com/postcss-discard-duplicates/-/postcss-discard-duplicates-4.0.2.tgz#3fe133cd3c82282e550fc9b239176a9207b784eb"
  dependencies:
    postcss "^7.0.0"

postcss-discard-empty@^4.0.1:
  version "4.0.1"
  resolved "https://registry.yarnpkg.com/postcss-discard-empty/-/postcss-discard-empty-4.0.1.tgz#c8c951e9f73ed9428019458444a02ad90bb9f765"
  dependencies:
    postcss "^7.0.0"

postcss-discard-overridden@^4.0.1:
  version "4.0.1"
  resolved "https://registry.yarnpkg.com/postcss-discard-overridden/-/postcss-discard-overridden-4.0.1.tgz#652aef8a96726f029f5e3e00146ee7a4e755ff57"
  dependencies:
    postcss "^7.0.0"

postcss-merge-longhand@^4.0.9:
  version "4.0.9"
  resolved "https://registry.yarnpkg.com/postcss-merge-longhand/-/postcss-merge-longhand-4.0.9.tgz#c2428b994833ffb2a072f290ca642e75ceabcd6f"
  dependencies:
    css-color-names "0.0.4"
    postcss "^7.0.0"
    postcss-value-parser "^3.0.0"
    stylehacks "^4.0.0"

postcss-merge-rules@^4.0.2:
  version "4.0.2"
  resolved "https://registry.yarnpkg.com/postcss-merge-rules/-/postcss-merge-rules-4.0.2.tgz#2be44401bf19856f27f32b8b12c0df5af1b88e74"
  dependencies:
    browserslist "^4.0.0"
    caniuse-api "^3.0.0"
    cssnano-util-same-parent "^4.0.0"
    postcss "^7.0.0"
    postcss-selector-parser "^3.0.0"
    vendors "^1.0.0"

postcss-minify-font-values@^4.0.2:
  version "4.0.2"
  resolved "https://registry.yarnpkg.com/postcss-minify-font-values/-/postcss-minify-font-values-4.0.2.tgz#cd4c344cce474343fac5d82206ab2cbcb8afd5a6"
  dependencies:
    postcss "^7.0.0"
    postcss-value-parser "^3.0.0"

postcss-minify-gradients@^4.0.1:
  version "4.0.1"
  resolved "https://registry.yarnpkg.com/postcss-minify-gradients/-/postcss-minify-gradients-4.0.1.tgz#6da95c6e92a809f956bb76bf0c04494953e1a7dd"
  dependencies:
    cssnano-util-get-arguments "^4.0.0"
    is-color-stop "^1.0.0"
    postcss "^7.0.0"
    postcss-value-parser "^3.0.0"

postcss-minify-params@^4.0.1:
  version "4.0.1"
  resolved "https://registry.yarnpkg.com/postcss-minify-params/-/postcss-minify-params-4.0.1.tgz#5b2e2d0264dd645ef5d68f8fec0d4c38c1cf93d2"
  dependencies:
    alphanum-sort "^1.0.0"
    browserslist "^4.0.0"
    cssnano-util-get-arguments "^4.0.0"
    postcss "^7.0.0"
    postcss-value-parser "^3.0.0"
    uniqs "^2.0.0"

postcss-minify-selectors@^4.0.1:
  version "4.0.1"
  resolved "https://registry.yarnpkg.com/postcss-minify-selectors/-/postcss-minify-selectors-4.0.1.tgz#a891c197977cc37abf60b3ea06b84248b1c1e9cd"
  dependencies:
    alphanum-sort "^1.0.0"
    has "^1.0.0"
    postcss "^7.0.0"
    postcss-selector-parser "^3.0.0"

postcss-normalize-charset@^4.0.1:
  version "4.0.1"
  resolved "https://registry.yarnpkg.com/postcss-normalize-charset/-/postcss-normalize-charset-4.0.1.tgz#8b35add3aee83a136b0471e0d59be58a50285dd4"
  dependencies:
    postcss "^7.0.0"

postcss-normalize-display-values@^4.0.1:
  version "4.0.1"
  resolved "https://registry.yarnpkg.com/postcss-normalize-display-values/-/postcss-normalize-display-values-4.0.1.tgz#d9a83d47c716e8a980f22f632c8b0458cfb48a4c"
  dependencies:
    cssnano-util-get-match "^4.0.0"
    postcss "^7.0.0"
    postcss-value-parser "^3.0.0"

postcss-normalize-positions@^4.0.1:
  version "4.0.1"
  resolved "https://registry.yarnpkg.com/postcss-normalize-positions/-/postcss-normalize-positions-4.0.1.tgz#ee2d4b67818c961964c6be09d179894b94fd6ba1"
  dependencies:
    cssnano-util-get-arguments "^4.0.0"
    has "^1.0.0"
    postcss "^7.0.0"
    postcss-value-parser "^3.0.0"

postcss-normalize-repeat-style@^4.0.1:
  version "4.0.1"
  resolved "https://registry.yarnpkg.com/postcss-normalize-repeat-style/-/postcss-normalize-repeat-style-4.0.1.tgz#5293f234b94d7669a9f805495d35b82a581c50e5"
  dependencies:
    cssnano-util-get-arguments "^4.0.0"
    cssnano-util-get-match "^4.0.0"
    postcss "^7.0.0"
    postcss-value-parser "^3.0.0"

postcss-normalize-string@^4.0.1:
  version "4.0.1"
  resolved "https://registry.yarnpkg.com/postcss-normalize-string/-/postcss-normalize-string-4.0.1.tgz#23c5030c2cc24175f66c914fa5199e2e3c10fef3"
  dependencies:
    has "^1.0.0"
    postcss "^7.0.0"
    postcss-value-parser "^3.0.0"

postcss-normalize-timing-functions@^4.0.1:
  version "4.0.1"
  resolved "https://registry.yarnpkg.com/postcss-normalize-timing-functions/-/postcss-normalize-timing-functions-4.0.1.tgz#8be83e0b9cb3ff2d1abddee032a49108f05f95d7"
  dependencies:
    cssnano-util-get-match "^4.0.0"
    postcss "^7.0.0"
    postcss-value-parser "^3.0.0"

postcss-normalize-unicode@^4.0.1:
  version "4.0.1"
  resolved "https://registry.yarnpkg.com/postcss-normalize-unicode/-/postcss-normalize-unicode-4.0.1.tgz#841bd48fdcf3019ad4baa7493a3d363b52ae1cfb"
  dependencies:
    browserslist "^4.0.0"
    postcss "^7.0.0"
    postcss-value-parser "^3.0.0"

postcss-normalize-url@^4.0.1:
  version "4.0.1"
  resolved "https://registry.yarnpkg.com/postcss-normalize-url/-/postcss-normalize-url-4.0.1.tgz#10e437f86bc7c7e58f7b9652ed878daaa95faae1"
  dependencies:
    is-absolute-url "^2.0.0"
    normalize-url "^3.0.0"
    postcss "^7.0.0"
    postcss-value-parser "^3.0.0"

postcss-normalize-whitespace@^4.0.1:
  version "4.0.1"
  resolved "https://registry.yarnpkg.com/postcss-normalize-whitespace/-/postcss-normalize-whitespace-4.0.1.tgz#d14cb639b61238418ac8bc8d3b7bdd65fc86575e"
  dependencies:
    postcss "^7.0.0"
    postcss-value-parser "^3.0.0"

postcss-ordered-values@^4.1.1:
  version "4.1.1"
  resolved "https://registry.yarnpkg.com/postcss-ordered-values/-/postcss-ordered-values-4.1.1.tgz#2e3b432ef3e489b18333aeca1f1295eb89be9fc2"
  dependencies:
    cssnano-util-get-arguments "^4.0.0"
    postcss "^7.0.0"
    postcss-value-parser "^3.0.0"

postcss-reduce-initial@^4.0.2:
  version "4.0.2"
  resolved "https://registry.yarnpkg.com/postcss-reduce-initial/-/postcss-reduce-initial-4.0.2.tgz#bac8e325d67510ee01fa460676dc8ea9e3b40f15"
  dependencies:
    browserslist "^4.0.0"
    caniuse-api "^3.0.0"
    has "^1.0.0"
    postcss "^7.0.0"

postcss-reduce-transforms@^4.0.1:
  version "4.0.1"
  resolved "https://registry.yarnpkg.com/postcss-reduce-transforms/-/postcss-reduce-transforms-4.0.1.tgz#8600d5553bdd3ad640f43bff81eb52f8760d4561"
  dependencies:
    cssnano-util-get-match "^4.0.0"
    has "^1.0.0"
    postcss "^7.0.0"
    postcss-value-parser "^3.0.0"

postcss-selector-parser@^3.0.0:
  version "3.1.1"
  resolved "https://registry.yarnpkg.com/postcss-selector-parser/-/postcss-selector-parser-3.1.1.tgz#4f875f4afb0c96573d5cf4d74011aee250a7e865"
  dependencies:
    dot-prop "^4.1.1"
    indexes-of "^1.0.1"
    uniq "^1.0.1"

postcss-selector-parser@^5.0.0-rc.4:
  version "5.0.0-rc.4"
  resolved "https://registry.yarnpkg.com/postcss-selector-parser/-/postcss-selector-parser-5.0.0-rc.4.tgz#ca5e77238bf152966378c13e91ad6d611568ea87"
  dependencies:
    cssesc "^2.0.0"
    indexes-of "^1.0.1"
    uniq "^1.0.1"

postcss-svgo@^4.0.1:
  version "4.0.1"
  resolved "https://registry.yarnpkg.com/postcss-svgo/-/postcss-svgo-4.0.1.tgz#5628cdb38f015de6b588ce6d0bf0724b492b581d"
  dependencies:
    is-svg "^3.0.0"
    postcss "^7.0.0"
    postcss-value-parser "^3.0.0"
    svgo "^1.0.0"

postcss-unique-selectors@^4.0.1:
  version "4.0.1"
  resolved "https://registry.yarnpkg.com/postcss-unique-selectors/-/postcss-unique-selectors-4.0.1.tgz#9446911f3289bfd64c6d680f073c03b1f9ee4bac"
  dependencies:
    alphanum-sort "^1.0.0"
    postcss "^7.0.0"
    uniqs "^2.0.0"

postcss-value-parser@^3.0.0, postcss-value-parser@^3.3.1:
  version "3.3.1"
  resolved "https://registry.yarnpkg.com/postcss-value-parser/-/postcss-value-parser-3.3.1.tgz#9ff822547e2893213cf1c30efa51ac5fd1ba8281"

postcss@^7.0.0, postcss@^7.0.1, postcss@^7.0.5:
  version "7.0.5"
  resolved "https://registry.yarnpkg.com/postcss/-/postcss-7.0.5.tgz#70e6443e36a6d520b0fd4e7593fcca3635ee9f55"
  dependencies:
    chalk "^2.4.1"
    source-map "^0.6.1"
    supports-color "^5.5.0"

prop-types@^15.6.2:
  version "15.6.2"
  resolved "https://registry.yarnpkg.com/prop-types/-/prop-types-15.6.2.tgz#05d5ca77b4453e985d60fc7ff8c859094a497102"
  dependencies:
    loose-envify "^1.3.1"
    object-assign "^4.1.1"

pseudomap@^1.0.2:
  version "1.0.2"
  resolved "https://registry.yarnpkg.com/pseudomap/-/pseudomap-1.0.2.tgz#f052a28da70e618917ef0a8ac34c1ae5a68286b3"

q@^1.1.2:
  version "1.5.1"
  resolved "https://registry.yarnpkg.com/q/-/q-1.5.1.tgz#7e32f75b41381291d04611f1bf14109ac00651d7"

react-dom@^16.5.2:
  version "16.6.3"
  resolved "https://registry.yarnpkg.com/react-dom/-/react-dom-16.6.3.tgz#8fa7ba6883c85211b8da2d0efeffc9d3825cccc0"
  dependencies:
    loose-envify "^1.1.0"
    object-assign "^4.1.1"
    prop-types "^15.6.2"
    scheduler "^0.11.2"

react-is@^16.3.2:
  version "16.6.3"
  resolved "https://registry.yarnpkg.com/react-is/-/react-is-16.6.3.tgz#d2d7462fcfcbe6ec0da56ad69047e47e56e7eac0"

react-lifecycles-compat@^3.0.2:
  version "3.0.4"
  resolved "https://registry.yarnpkg.com/react-lifecycles-compat/-/react-lifecycles-compat-3.0.4.tgz#4f1a273afdfc8f3488a8c516bfda78f872352362"

react@^16.5.2:
  version "16.6.3"
  resolved "https://registry.yarnpkg.com/react/-/react-16.6.3.tgz#25d77c91911d6bbdd23db41e70fb094cc1e0871c"
  dependencies:
    loose-envify "^1.1.0"
    object-assign "^4.1.1"
    prop-types "^15.6.2"
    scheduler "^0.11.2"

remove-array-items@^1.0.0:
  version "1.0.0"
  resolved "https://registry.yarnpkg.com/remove-array-items/-/remove-array-items-1.0.0.tgz#07bf42cb332f4cf6e85ead83b5e4e896d2326b21"

require-directory@^2.1.1:
  version "2.1.1"
  resolved "https://registry.yarnpkg.com/require-directory/-/require-directory-2.1.1.tgz#8c64ad5fd30dab1c976e2344ffe7f792a6a6df42"

require-main-filename@^1.0.1:
  version "1.0.1"
  resolved "https://registry.yarnpkg.com/require-main-filename/-/require-main-filename-1.0.1.tgz#97f717b69d48784f5f526a6c5aa8ffdda055a4d1"

resolve-from@^3.0.0:
  version "3.0.0"
  resolved "https://registry.yarnpkg.com/resolve-from/-/resolve-from-3.0.0.tgz#b22c7af7d9d6881bc8b6e653335eebcb0a188748"

resource-loader@^2.1.1:
  version "2.1.1"
  resolved "https://registry.yarnpkg.com/resource-loader/-/resource-loader-2.1.1.tgz#f03ec08dd26aae0b0dd2a24a6d312aec2b5a004d"
  dependencies:
    mini-signals "^1.1.1"
    parse-uri "^1.0.0"

rgb-regex@^1.0.1:
  version "1.0.1"
  resolved "https://registry.yarnpkg.com/rgb-regex/-/rgb-regex-1.0.1.tgz#c0e0d6882df0e23be254a475e8edd41915feaeb1"

rgba-regex@^1.0.0:
  version "1.0.0"
  resolved "https://registry.yarnpkg.com/rgba-regex/-/rgba-regex-1.0.0.tgz#43374e2e2ca0968b0ef1523460b7d730ff22eeb3"

sax@~1.2.4:
  version "1.2.4"
  resolved "https://registry.yarnpkg.com/sax/-/sax-1.2.4.tgz#2816234e2378bddc4e5354fab5caa895df7100d9"

scheduler@^0.11.2:
  version "0.11.2"
  resolved "https://registry.yarnpkg.com/scheduler/-/scheduler-0.11.2.tgz#a8db5399d06eba5abac51b705b7151d2319d33d3"
  dependencies:
    loose-envify "^1.1.0"
    object-assign "^4.1.1"

semver@^5.3.0:
  version "5.6.0"
  resolved "https://registry.yarnpkg.com/semver/-/semver-5.6.0.tgz#7e74256fbaa49c75aa7c7a205cc22799cac80004"

set-blocking@^2.0.0:
  version "2.0.0"
  resolved "https://registry.yarnpkg.com/set-blocking/-/set-blocking-2.0.0.tgz#045f9782d011ae9a6803ddd382b24392b3d890f7"

shebang-command@^1.2.0:
  version "1.2.0"
  resolved "https://registry.yarnpkg.com/shebang-command/-/shebang-command-1.2.0.tgz#44aac65b695b03398968c39f363fee5deafdf1ea"
  dependencies:
    shebang-regex "^1.0.0"

shebang-regex@^1.0.0:
  version "1.0.0"
  resolved "https://registry.yarnpkg.com/shebang-regex/-/shebang-regex-1.0.0.tgz#da42f49740c0b42db2ca9728571cb190c98efea3"

showdown@^1.8.7:
  version "1.9.0"
  resolved "https://registry.yarnpkg.com/showdown/-/showdown-1.9.0.tgz#d49d2a0b6db21b7c2e96ef855f7b3b2a28ef46f4"
  dependencies:
    yargs "^10.0.3"

signal-exit@^3.0.0:
  version "3.0.2"
  resolved "https://registry.yarnpkg.com/signal-exit/-/signal-exit-3.0.2.tgz#b5fdc08f1287ea1178628e415e25132b73646c6d"

simple-swizzle@^0.2.2:
  version "0.2.2"
  resolved "https://registry.yarnpkg.com/simple-swizzle/-/simple-swizzle-0.2.2.tgz#a4da6b635ffcccca33f70d17cb92592de95e557a"
  dependencies:
    is-arrayish "^0.3.1"

source-map@^0.5.3:
  version "0.5.7"
  resolved "https://registry.yarnpkg.com/source-map/-/source-map-0.5.7.tgz#8a039d2d1021d22d1ea14c80d8ea468ba2ef3fcc"

source-map@^0.6.1:
  version "0.6.1"
  resolved "https://registry.yarnpkg.com/source-map/-/source-map-0.6.1.tgz#74722af32e9614e9c287a8d0bbde48b5e2f1a263"

sprintf-js@~1.0.2:
  version "1.0.3"
  resolved "https://registry.yarnpkg.com/sprintf-js/-/sprintf-js-1.0.3.tgz#04e6926f662895354f3dd015203633b857297e2c"

stable@~0.1.6:
  version "0.1.8"
  resolved "https://registry.yarnpkg.com/stable/-/stable-0.1.8.tgz#836eb3c8382fe2936feaf544631017ce7d47a3cf"

string-width@^1.0.1:
  version "1.0.2"
  resolved "https://registry.yarnpkg.com/string-width/-/string-width-1.0.2.tgz#118bdf5b8cdc51a2a7e70d211e07e2b0b9b107d3"
  dependencies:
    code-point-at "^1.0.0"
    is-fullwidth-code-point "^1.0.0"
    strip-ansi "^3.0.0"

string-width@^2.0.0, string-width@^2.1.1:
  version "2.1.1"
  resolved "https://registry.yarnpkg.com/string-width/-/string-width-2.1.1.tgz#ab93f27a8dc13d28cac815c462143a6d9012ae9e"
  dependencies:
    is-fullwidth-code-point "^2.0.0"
    strip-ansi "^4.0.0"

strip-ansi@^3.0.0, strip-ansi@^3.0.1:
  version "3.0.1"
  resolved "https://registry.npmjs.org/strip-ansi/-/strip-ansi-3.0.1.tgz#6a385fb8853d952d5ff05d0e8aaf94278dc63dcf"
  dependencies:
    ansi-regex "^2.0.0"

strip-ansi@^4.0.0:
  version "4.0.0"
  resolved "https://registry.yarnpkg.com/strip-ansi/-/strip-ansi-4.0.0.tgz#a8479022eb1ac368a871389b635262c505ee368f"
  dependencies:
    ansi-regex "^3.0.0"

strip-eof@^1.0.0:
  version "1.0.0"
  resolved "https://registry.npmjs.org/strip-eof/-/strip-eof-1.0.0.tgz#bb43ff5598a6eb05d89b59fcd129c983313606bf"

stylehacks@^4.0.0:
  version "4.0.1"
  resolved "https://registry.yarnpkg.com/stylehacks/-/stylehacks-4.0.1.tgz#3186595d047ab0df813d213e51c8b94e0b9010f2"
  dependencies:
    browserslist "^4.0.0"
    postcss "^7.0.0"
    postcss-selector-parser "^3.0.0"

supports-color@^5.3.0, supports-color@^5.5.0:
  version "5.5.0"
  resolved "https://registry.yarnpkg.com/supports-color/-/supports-color-5.5.0.tgz#e2e69a44ac8772f78a1ec0b35b689df6530efc8f"
  dependencies:
    has-flag "^3.0.0"

svgo@^1.0.0:
  version "1.1.1"
  resolved "https://registry.yarnpkg.com/svgo/-/svgo-1.1.1.tgz#12384b03335bcecd85cfa5f4e3375fed671cb985"
  dependencies:
    coa "~2.0.1"
    colors "~1.1.2"
    css-select "^2.0.0"
    css-select-base-adapter "~0.1.0"
    css-tree "1.0.0-alpha.28"
    css-url-regex "^1.1.0"
    csso "^3.5.0"
    js-yaml "^3.12.0"
    mkdirp "~0.5.1"
    object.values "^1.0.4"
    sax "~1.2.4"
    stable "~0.1.6"
    unquote "~1.1.1"
    util.promisify "~1.0.0"

timsort@^0.3.0:
  version "0.3.0"
  resolved "https://registry.yarnpkg.com/timsort/-/timsort-0.3.0.tgz#405411a8e7e6339fe64db9a234de11dc31e02bd4"

typescript@^3.1.6:
  version "3.1.6"
  resolved "https://registry.yarnpkg.com/typescript/-/typescript-3.1.6.tgz#b6543a83cfc8c2befb3f4c8fba6896f5b0c9be68"

uniq@^1.0.1:
  version "1.0.1"
  resolved "https://registry.yarnpkg.com/uniq/-/uniq-1.0.1.tgz#b31c5ae8254844a3a8281541ce2b04b865a734ff"

uniqs@^2.0.0:
  version "2.0.0"
  resolved "https://registry.yarnpkg.com/uniqs/-/uniqs-2.0.0.tgz#ffede4b36b25290696e6e165d4a59edb998e6b02"

unquote@~1.1.1:
  version "1.1.1"
  resolved "https://registry.yarnpkg.com/unquote/-/unquote-1.1.1.tgz#8fded7324ec6e88a0ff8b905e7c098cdc086d544"

util.promisify@~1.0.0:
  version "1.0.0"
  resolved "https://registry.yarnpkg.com/util.promisify/-/util.promisify-1.0.0.tgz#440f7165a459c9a16dc145eb8e72f35687097030"
  dependencies:
    define-properties "^1.1.2"
    object.getownpropertydescriptors "^2.0.3"

vendors@^1.0.0:
  version "1.0.2"
  resolved "https://registry.yarnpkg.com/vendors/-/vendors-1.0.2.tgz#7fcb5eef9f5623b156bcea89ec37d63676f21801"

which-module@^2.0.0:
  version "2.0.0"
  resolved "https://registry.yarnpkg.com/which-module/-/which-module-2.0.0.tgz#d9ef07dce77b9902b8a3a8fa4b31c3e3f7e6e87a"

which@^1.2.9:
  version "1.3.1"
  resolved "https://registry.yarnpkg.com/which/-/which-1.3.1.tgz#a45043d54f5805316da8d62f9f50918d3da70b0a"
  dependencies:
    isexe "^2.0.0"

wrap-ansi@^2.0.0:
  version "2.1.0"
  resolved "https://registry.npmjs.org/wrap-ansi/-/wrap-ansi-2.1.0.tgz#d8fc3d284dd05794fe84973caecdd1cf824fdd85"
  dependencies:
    string-width "^1.0.1"
    strip-ansi "^3.0.1"

y18n@^3.2.1:
  version "3.2.1"
  resolved "https://registry.yarnpkg.com/y18n/-/y18n-3.2.1.tgz#6d15fba884c08679c0d77e88e7759e811e07fa41"

yallist@^2.1.2:
  version "2.1.2"
  resolved "https://registry.yarnpkg.com/yallist/-/yallist-2.1.2.tgz#1c11f9218f076089a47dd512f93c6699a6a81d52"

yargs-parser@^8.1.0:
  version "8.1.0"
  resolved "https://registry.yarnpkg.com/yargs-parser/-/yargs-parser-8.1.0.tgz#f1376a33b6629a5d063782944da732631e966950"
  dependencies:
    camelcase "^4.1.0"

yargs@^10.0.3:
  version "10.1.2"
  resolved "https://registry.yarnpkg.com/yargs/-/yargs-10.1.2.tgz#454d074c2b16a51a43e2fb7807e4f9de69ccb5c5"
  dependencies:
    cliui "^4.0.0"
    decamelize "^1.1.1"
    find-up "^2.1.0"
    get-caller-file "^1.0.1"
    os-locale "^2.0.0"
    require-directory "^2.1.1"
    require-main-filename "^1.0.1"
    set-blocking "^2.0.0"
    string-width "^2.0.0"
    which-module "^2.0.0"
    y18n "^3.2.1"
    yargs-parser "^8.1.0"
